
Microsoft Visual Studio Solution File, Format Version 10.00
# Visual Studio 2008
Project("{FAE04EC0-301F-11D3-BF4B-00C04F79EFBC}") = "Online_Help_Desk", "Online_Help_Desk\Online_Help_Desk.csproj", "{6EA85C34-BAA3-4156-8538-0ACAABAA0F2D}"
EndProject
Project("{FAE04EC0-301F-11D3-BF4B-00C04F79EFBC}") = "BussinissRule", "BussinissRule\BussinissRule.csproj", "{FA4DAF87-E7E8-4A5F-BB97-A1D531631963}"
EndProject
Project("{FAE04EC0-301F-11D3-BF4B-00C04F79EFBC}") = "DataAcesss", "DataAcesss\DataAcesss.csproj", "{B0B29838-43E2-4F3E-AFF9-E7B3519D6E21}"
EndProject
Project("{FAE04EC0-301F-11D3-BF4B-00C04F79EFBC}") = "SystemCommon", "SystemCommon\SystemCommon.csproj", "{521FDCC0-5CAD-4A79-A1A0-211F34526FA5}"
EndProject
Global
	GlobalSection(SolutionConfigurationPlatforms) = preSolution
		Debug|Any CPU = Debug|Any CPU
		Release|Any CPU = Release|Any CPU
	EndGlobalSection
	GlobalSection(ProjectConfigurationPlatforms) = postSolution
		{6EA85C34-BAA3-4156-8538-0ACAABAA0F2D}.Debug|Any CPU.ActiveCfg = Debug|Any CPU
		{6EA85C34-BAA3-4156-8538-0ACAABAA0F2D}.Debug|Any CPU.Build.0 = Debug|Any CPU
		{6EA85C34-BAA3-4156-8538-0ACAABAA0F2D}.Release|Any CPU.ActiveCfg = Release|Any CPU
		{6EA85C34-BAA3-4156-8538-0ACAABAA0F2D}.Release|Any CPU.Build.0 = Release|Any CPU
		{FA4DAF87-E7E8-4A5F-BB97-A1D531631963}.Debug|Any CPU.ActiveCfg = Debug|Any CPU
		{FA4DAF87-E7E8-4A5F-BB97-A1D531631963}.Debug|Any CPU.Build.0 = Debug|Any CPU
		{FA4DAF87-E7E8-4A5F-BB97-A1D531631963}.Release|Any CPU.ActiveCfg = Release|Any CPU
		{FA4DAF87-E7E8-4A5F-BB97-A1D531631963}.Release|Any CPU.Build.0 = Release|Any CPU
		{B0B29838-43E2-4F3E-AFF9-E7B3519D6E21}.Debug|Any CPU.ActiveCfg = Debug|Any CPU
		{B0B29838-43E2-4F3E-AFF9-E7B3519D6E21}.Debug|Any CPU.Build.0 = Debug|Any CPU
		{B0B29838-43E2-4F3E-AFF9-E7B3519D6E21}.Release|Any CPU.ActiveCfg = Release|Any CPU
		{B0B29838-43E2-4F3E-AFF9-E7B3519D6E21}.Release|Any CPU.Build.0 = Release|Any CPU
		{521FDCC0-5CAD-4A79-A1A0-211F34526FA5}.Debug|Any CPU.ActiveCfg = Debug|Any CPU
		{521FDCC0-5CAD-4A79-A1A0-211F34526FA5}.Debug|Any CPU.Build.0 = Debug|Any CPU
		{521FDCC0-5CAD-4A79-A1A0-211F34526FA5}.Release|Any CPU.ActiveCfg = Release|Any CPU
		{521FDCC0-5CAD-4A79-A1A0-211F34526FA5}.Release|Any CPU.Build.0 = Release|Any CPU
	EndGlobalSection
	GlobalSection(SolutionProperties) = preSolution
		HideSolutionNode = FALSE
	EndGlobalSection
EndGlobal
